
Microsoft Visual Studio Solution File, Format Version 12.00
# Visual Studio 2013
VisualStudioVersion = 12.0.30219.0
MinimumVisualStudioVersion = 10.0.40219.1
Project("{FAE04EC0-301F-11D3-BF4B-00C04F79EFBC}") = "WebApi", "WebApi\WebApi.csproj", "{61928CB0-7277-4C78-897E-1A3607BCF3FF}"
EndProject
Project("{FAE04EC0-301F-11D3-BF4B-00C04F79EFBC}") = "QGrid", "QGrid\QGrid.csproj", "{C17C15AD-408D-40BF-BA36-74107C5E59AB}"
EndProject
Global
	GlobalSection(SolutionConfigurationPlatforms) = preSolution
		Debug|Any CPU = Debug|Any CPU
		Release|Any CPU = Release|Any CPU
	EndGlobalSection
	GlobalSection(ProjectConfigurationPlatforms) = postSolution
		{61928CB0-7277-4C78-897E-1A3607BCF3FF}.Debug|Any CPU.ActiveCfg = Debug|Any CPU
		{61928CB0-7277-4C78-897E-1A3607BCF3FF}.Debug|Any CPU.Build.0 = Debug|Any CPU
		{61928CB0-7277-4C78-897E-1A3607BCF3FF}.Release|Any CPU.ActiveCfg = Release|Any CPU
		{61928CB0-7277-4C78-897E-1A3607BCF3FF}.Release|Any CPU.Build.0 = Release|Any CPU
		{C17C15AD-408D-40BF-BA36-74107C5E59AB}.Debug|Any CPU.ActiveCfg = Debug|Any CPU
		{C17C15AD-408D-40BF-BA36-74107C5E59AB}.Debug|Any CPU.Build.0 = Debug|Any CPU
		{C17C15AD-408D-40BF-BA36-74107C5E59AB}.Release|Any CPU.ActiveCfg = Release|Any CPU
		{C17C15AD-408D-40BF-BA36-74107C5E59AB}.Release|Any CPU.Build.0 = Release|Any CPU
	EndGlobalSection
	GlobalSection(SolutionProperties) = preSolution
		HideSolutionNode = FALSE
	EndGlobalSection
EndGlobal
